
Microsoft Visual Studio Solution File, Format Version 12.00
# Visual Studio Version 16
VisualStudioVersion = 16.0.30204.135
MinimumVisualStudioVersion = 10.0.40219.1
Project("{FAE04EC0-301F-11D3-BF4B-00C04F79EFBC}") = "DailyCounter2", "DailyCounter2\DailyCounter2.csproj", "{C9914133-7F59-424C-9D69-0A07D8ADCE9D}"
EndProject
Global
	GlobalSection(SolutionConfigurationPlatforms) = preSolution
		Debug|Any CPU = Debug|Any CPU
		Release|Any CPU = Release|Any CPU
	EndGlobalSection
	GlobalSection(ProjectConfigurationPlatforms) = postSolution
		{C9914133-7F59-424C-9D69-0A07D8ADCE9D}.Debug|Any CPU.ActiveCfg = Debug|Any CPU
		{C9914133-7F59-424C-9D69-0A07D8ADCE9D}.Debug|Any CPU.Build.0 = Debug|Any CPU
		{C9914133-7F59-424C-9D69-0A07D8ADCE9D}.Release|Any CPU.ActiveCfg = Release|Any CPU
		{C9914133-7F59-424C-9D69-0A07D8ADCE9D}.Release|Any CPU.Build.0 = Release|Any CPU
	EndGlobalSection
	GlobalSection(SolutionProperties) = preSolution
		HideSolutionNode = FALSE
	EndGlobalSection
	GlobalSection(ExtensibilityGlobals) = postSolution
		SolutionGuid = {17C50EE5-6163-46AE-B0D0-035D44A20C8A}
	EndGlobalSection
EndGlobal
